
Microsoft Visual Studio Solution File, Format Version 12.00
# Visual Studio Version 17
VisualStudioVersion = 17.12.35527.113 d17.12
MinimumVisualStudioVersion = 10.0.40219.1
Project("{FAE04EC0-301F-11D3-BF4B-00C04F79EFBC}") = "IsoscelesTriangle", "IsoscelesTriangle.csproj", "{7F5376AB-9836-4809-A769-6190B66BA072}"
EndProject
Project("{FAE04EC0-301F-11D3-BF4B-00C04F79EFBC}") = "IsoscelesTriangle.Tests", "..\IsoscelesTriangle.Tests\IsoscelesTriangle.Tests.csproj", "{DA52580F-DC71-4C2F-AA27-750FEBE40481}"
EndProject
Global
	GlobalSection(SolutionConfigurationPlatforms) = preSolution
		Debug|Any CPU = Debug|Any CPU
		Release|Any CPU = Release|Any CPU
	EndGlobalSection
	GlobalSection(ProjectConfigurationPlatforms) = postSolution
		{7F5376AB-9836-4809-A769-6190B66BA072}.Debug|Any CPU.ActiveCfg = Debug|Any CPU
		{7F5376AB-9836-4809-A769-6190B66BA072}.Debug|Any CPU.Build.0 = Debug|Any CPU
		{7F5376AB-9836-4809-A769-6190B66BA072}.Release|Any CPU.ActiveCfg = Release|Any CPU
		{7F5376AB-9836-4809-A769-6190B66BA072}.Release|Any CPU.Build.0 = Release|Any CPU
		{DA52580F-DC71-4C2F-AA27-750FEBE40481}.Debug|Any CPU.ActiveCfg = Debug|Any CPU
		{DA52580F-DC71-4C2F-AA27-750FEBE40481}.Debug|Any CPU.Build.0 = Debug|Any CPU
		{DA52580F-DC71-4C2F-AA27-750FEBE40481}.Release|Any CPU.ActiveCfg = Release|Any CPU
		{DA52580F-DC71-4C2F-AA27-750FEBE40481}.Release|Any CPU.Build.0 = Release|Any CPU
	EndGlobalSection
	GlobalSection(SolutionProperties) = preSolution
		HideSolutionNode = FALSE
	EndGlobalSection
EndGlobal
